
Microsoft Visual Studio Solution File, Format Version 12.00
# Visual Studio Version 17
VisualStudioVersion = 17.0.31903.59
MinimumVisualStudioVersion = 10.0.40219.1
Project("{FAE04EC0-301F-11D3-BF4B-00C04F79EFBC}") = "Pulumi.RouterOS", "Pulumi.RouterOS\Pulumi.RouterOS.csproj", "{FD60937F-8F16-4516-9F28-955A8F88D02D}"
EndProject
Project("{FAE04EC0-301F-11D3-BF4B-00C04F79EFBC}") = "Pulumi.RouterOS.Core", "Pulumi.RouterOS.Core\Pulumi.RouterOS.Core.csproj", "{C07BECF9-1C49-45D9-BA7B-DD5E854ABF1D}"
EndProject
Global
	GlobalSection(SolutionConfigurationPlatforms) = preSolution
		Debug|Any CPU = Debug|Any CPU
		Release|Any CPU = Release|Any CPU
	EndGlobalSection
	GlobalSection(ProjectConfigurationPlatforms) = postSolution
		{FD60937F-8F16-4516-9F28-955A8F88D02D}.Debug|Any CPU.ActiveCfg = Debug|Any CPU
		{FD60937F-8F16-4516-9F28-955A8F88D02D}.Debug|Any CPU.Build.0 = Debug|Any CPU
		{FD60937F-8F16-4516-9F28-955A8F88D02D}.Release|Any CPU.ActiveCfg = Release|Any CPU
		{FD60937F-8F16-4516-9F28-955A8F88D02D}.Release|Any CPU.Build.0 = Release|Any CPU
		{C07BECF9-1C49-45D9-BA7B-DD5E854ABF1D}.Debug|Any CPU.ActiveCfg = Debug|Any CPU
		{C07BECF9-1C49-45D9-BA7B-DD5E854ABF1D}.Debug|Any CPU.Build.0 = Debug|Any CPU
		{C07BECF9-1C49-45D9-BA7B-DD5E854ABF1D}.Release|Any CPU.ActiveCfg = Release|Any CPU
		{C07BECF9-1C49-45D9-BA7B-DD5E854ABF1D}.Release|Any CPU.Build.0 = Release|Any CPU
	EndGlobalSection
	GlobalSection(SolutionProperties) = preSolution
		HideSolutionNode = FALSE
	EndGlobalSection
EndGlobal
